
Microsoft Visual Studio Solution File, Format Version 12.00
# Visual Studio Version 16
VisualStudioVersion = 16.0.30621.155
MinimumVisualStudioVersion = 10.0.40219.1
Project("{FAE04EC0-301F-11D3-BF4B-00C04F79EFBC}") = "Test.Android", "Test\Test.Android\Test.Android.csproj", "{FC5CA809-1441-436E-8336-16554D068CF4}"
EndProject
Project("{FAE04EC0-301F-11D3-BF4B-00C04F79EFBC}") = "Test.iOS", "Test\Test.iOS\Test.iOS.csproj", "{7EFB8142-966E-4F40-8F4B-97DCDD3EDDD9}"
EndProject
Project("{FAE04EC0-301F-11D3-BF4B-00C04F79EFBC}") = "Test", "Test\Test\Test.csproj", "{833FA94E-E202-4861-AAF2-6A2D934E3F5E}"
EndProject
Global
	GlobalSection(SolutionConfigurationPlatforms) = preSolution
		Debug|Any CPU = Debug|Any CPU
		Debug|iPhone = Debug|iPhone
		Debug|iPhoneSimulator = Debug|iPhoneSimulator
		Release|Any CPU = Release|Any CPU
		Release|iPhone = Release|iPhone
		Release|iPhoneSimulator = Release|iPhoneSimulator
	EndGlobalSection
	GlobalSection(ProjectConfigurationPlatforms) = postSolution
		{FC5CA809-1441-436E-8336-16554D068CF4}.Debug|Any CPU.ActiveCfg = Debug|Any CPU
		{FC5CA809-1441-436E-8336-16554D068CF4}.Debug|Any CPU.Build.0 = Debug|Any CPU
		{FC5CA809-1441-436E-8336-16554D068CF4}.Debug|Any CPU.Deploy.0 = Debug|Any CPU
		{FC5CA809-1441-436E-8336-16554D068CF4}.Debug|iPhone.ActiveCfg = Debug|Any CPU
		{FC5CA809-1441-436E-8336-16554D068CF4}.Debug|iPhone.Build.0 = Debug|Any CPU
		{FC5CA809-1441-436E-8336-16554D068CF4}.Debug|iPhone.Deploy.0 = Debug|Any CPU
		{FC5CA809-1441-436E-8336-16554D068CF4}.Debug|iPhoneSimulator.ActiveCfg = Debug|Any CPU
		{FC5CA809-1441-436E-8336-16554D068CF4}.Debug|iPhoneSimulator.Build.0 = Debug|Any CPU
		{FC5CA809-1441-436E-8336-16554D068CF4}.Debug|iPhoneSimulator.Deploy.0 = Debug|Any CPU
		{FC5CA809-1441-436E-8336-16554D068CF4}.Release|Any CPU.ActiveCfg = Release|Any CPU
		{FC5CA809-1441-436E-8336-16554D068CF4}.Release|Any CPU.Build.0 = Release|Any CPU
		{FC5CA809-1441-436E-8336-16554D068CF4}.Release|Any CPU.Deploy.0 = Release|Any CPU
		{FC5CA809-1441-436E-8336-16554D068CF4}.Release|iPhone.ActiveCfg = Release|Any CPU
		{FC5CA809-1441-436E-8336-16554D068CF4}.Release|iPhone.Build.0 = Release|Any CPU
		{FC5CA809-1441-436E-8336-16554D068CF4}.Release|iPhone.Deploy.0 = Release|Any CPU
		{FC5CA809-1441-436E-8336-16554D068CF4}.Release|iPhoneSimulator.ActiveCfg = Release|Any CPU
		{FC5CA809-1441-436E-8336-16554D068CF4}.Release|iPhoneSimulator.Build.0 = Release|Any CPU
		{FC5CA809-1441-436E-8336-16554D068CF4}.Release|iPhoneSimulator.Deploy.0 = Release|Any CPU
		{7EFB8142-966E-4F40-8F4B-97DCDD3EDDD9}.Debug|Any CPU.ActiveCfg = Debug|iPhone
		{7EFB8142-966E-4F40-8F4B-97DCDD3EDDD9}.Debug|Any CPU.Build.0 = Debug|iPhone
		{7EFB8142-966E-4F40-8F4B-97DCDD3EDDD9}.Debug|Any CPU.Deploy.0 = Debug|iPhone
		{7EFB8142-966E-4F40-8F4B-97DCDD3EDDD9}.Debug|iPhone.ActiveCfg = Debug|iPhone
		{7EFB8142-966E-4F40-8F4B-97DCDD3EDDD9}.Debug|iPhone.Build.0 = Debug|iPhone
		{7EFB8142-966E-4F40-8F4B-97DCDD3EDDD9}.Debug|iPhone.Deploy.0 = Debug|iPhone
		{7EFB8142-966E-4F40-8F4B-97DCDD3EDDD9}.Debug|iPhoneSimulator.ActiveCfg = Debug|iPhoneSimulator
		{7EFB8142-966E-4F40-8F4B-97DCDD3EDDD9}.Debug|iPhoneSimulator.Build.0 = Debug|iPhoneSimulator
		{7EFB8142-966E-4F40-8F4B-97DCDD3EDDD9}.Debug|iPhoneSimulator.Deploy.0 = Debug|iPhoneSimulator
		{7EFB8142-966E-4F40-8F4B-97DCDD3EDDD9}.Release|Any CPU.ActiveCfg = Release|iPhoneSimulator
		{7EFB8142-966E-4F40-8F4B-97DCDD3EDDD9}.Release|Any CPU.Build.0 = Release|iPhoneSimulator
		{7EFB8142-966E-4F40-8F4B-97DCDD3EDDD9}.Release|Any CPU.Deploy.0 = Release|iPhoneSimulator
		{7EFB8142-966E-4F40-8F4B-97DCDD3EDDD9}.Release|iPhone.ActiveCfg = Release|iPhone
		{7EFB8142-966E-4F40-8F4B-97DCDD3EDDD9}.Release|iPhone.Build.0 = Release|iPhone
		{7EFB8142-966E-4F40-8F4B-97DCDD3EDDD9}.Release|iPhone.Deploy.0 = Release|iPhone
		{7EFB8142-966E-4F40-8F4B-97DCDD3EDDD9}.Release|iPhoneSimulator.ActiveCfg = Release|iPhoneSimulator
		{7EFB8142-966E-4F40-8F4B-97DCDD3EDDD9}.Release|iPhoneSimulator.Build.0 = Release|iPhoneSimulator
		{7EFB8142-966E-4F40-8F4B-97DCDD3EDDD9}.Release|iPhoneSimulator.Deploy.0 = Release|iPhoneSimulator
		{833FA94E-E202-4861-AAF2-6A2D934E3F5E}.Debug|Any CPU.ActiveCfg = Debug|Any CPU
		{833FA94E-E202-4861-AAF2-6A2D934E3F5E}.Debug|Any CPU.Build.0 = Debug|Any CPU
		{833FA94E-E202-4861-AAF2-6A2D934E3F5E}.Debug|Any CPU.Deploy.0 = Debug|Any CPU
		{833FA94E-E202-4861-AAF2-6A2D934E3F5E}.Debug|iPhone.ActiveCfg = Debug|Any CPU
		{833FA94E-E202-4861-AAF2-6A2D934E3F5E}.Debug|iPhone.Build.0 = Debug|Any CPU
		{833FA94E-E202-4861-AAF2-6A2D934E3F5E}.Debug|iPhone.Deploy.0 = Debug|Any CPU
		{833FA94E-E202-4861-AAF2-6A2D934E3F5E}.Debug|iPhoneSimulator.ActiveCfg = Debug|Any CPU
		{833FA94E-E202-4861-AAF2-6A2D934E3F5E}.Debug|iPhoneSimulator.Build.0 = Debug|Any CPU
		{833FA94E-E202-4861-AAF2-6A2D934E3F5E}.Debug|iPhoneSimulator.Deploy.0 = Debug|Any CPU
		{833FA94E-E202-4861-AAF2-6A2D934E3F5E}.Release|Any CPU.ActiveCfg = Release|Any CPU
		{833FA94E-E202-4861-AAF2-6A2D934E3F5E}.Release|Any CPU.Build.0 = Release|Any CPU
		{833FA94E-E202-4861-AAF2-6A2D934E3F5E}.Release|Any CPU.Deploy.0 = Release|Any CPU
		{833FA94E-E202-4861-AAF2-6A2D934E3F5E}.Release|iPhone.ActiveCfg = Release|Any CPU
		{833FA94E-E202-4861-AAF2-6A2D934E3F5E}.Release|iPhone.Build.0 = Release|Any CPU
		{833FA94E-E202-4861-AAF2-6A2D934E3F5E}.Release|iPhone.Deploy.0 = Release|Any CPU
		{833FA94E-E202-4861-AAF2-6A2D934E3F5E}.Release|iPhoneSimulator.ActiveCfg = Release|Any CPU
		{833FA94E-E202-4861-AAF2-6A2D934E3F5E}.Release|iPhoneSimulator.Build.0 = Release|Any CPU
		{833FA94E-E202-4861-AAF2-6A2D934E3F5E}.Release|iPhoneSimulator.Deploy.0 = Release|Any CPU
	EndGlobalSection
	GlobalSection(SolutionProperties) = preSolution
		HideSolutionNode = FALSE
	EndGlobalSection
	GlobalSection(ExtensibilityGlobals) = postSolution
		SolutionGuid = {AA6A8C24-A159-4D11-BB13-3B8C714685E5}
	EndGlobalSection
EndGlobal
